
Microsoft Visual Studio Solution File, Format Version 12.00
# Visual Studio Version 17
VisualStudioVersion = 17.4.33403.182
MinimumVisualStudioVersion = 10.0.40219.1
Project("{9A19103F-16F7-4668-BE54-9A1E7A4F7556}") = "LearningCSharp", "LearningCSharp\LearningCSharp.csproj", "{17AB727C-C9D6-4587-B3AD-32422BCE3974}"
EndProject
Project("{9A19103F-16F7-4668-BE54-9A1E7A4F7556}") = "AccessSpecifier", "ClassLibrary1\AccessSpecifier.csproj", "{8DC0D91D-F2C9-4B1D-BEDC-995F0F6DB25C}"
EndProject
Project("{9A19103F-16F7-4668-BE54-9A1E7A4F7556}") = "AccessSpecifier2", "AccessSpecifier2\AccessSpecifier2.csproj", "{C023BA1B-76E8-439A-A8B9-7B84EDC5888F}"
EndProject
Project("{9A19103F-16F7-4668-BE54-9A1E7A4F7556}") = "LinqExpressions", "LinqExpressions\LinqExpressions.csproj", "{7B8590D9-B16E-434D-8862-86E522B7EB1C}"
EndProject
Project("{9A19103F-16F7-4668-BE54-9A1E7A4F7556}") = "MyCollection", "MyCollection\MyCollection.csproj", "{86DEAA54-64BB-4386-B361-97D6EE844C7E}"
EndProject
Project("{9A19103F-16F7-4668-BE54-9A1E7A4F7556}") = "MyGenerics", "MyGenerics\MyGenerics.csproj", "{FF08968E-A739-4853-B0D9-A4E386B8BA23}"
EndProject
Project("{9A19103F-16F7-4668-BE54-9A1E7A4F7556}") = "KeywordLearning", "KeywordLearning\KeywordLearning.csproj", "{DEF8203F-537C-439F-A4ED-9C96C481C62C}"
EndProject
Project("{9A19103F-16F7-4668-BE54-9A1E7A4F7556}") = "LearningDispose", "LearningDispose\LearningDispose.csproj", "{100E8B6E-EB66-4D43-9177-8A32BE819E9F}"
EndProject
Project("{9A19103F-16F7-4668-BE54-9A1E7A4F7556}") = "LearningConstructor", "LearningConstructor\LearningConstructor.csproj", "{63B417F0-031A-424B-8DAC-94B3FA8B8B06}"
EndProject
Project("{9A19103F-16F7-4668-BE54-9A1E7A4F7556}") = "LearningOOPS", "LearningOOPS\LearningOOPS.csproj", "{9A620147-B402-4AFB-B42C-6C526C86467A}"
EndProject
Project("{9A19103F-16F7-4668-BE54-9A1E7A4F7556}") = "LearningDelegate", "LearningDelegate\LearningDelegate.csproj", "{25397474-FBD0-4508-A7AE-6F58CC5722A0}"
EndProject
Project("{9A19103F-16F7-4668-BE54-9A1E7A4F7556}") = "LearningParams", "LearningParams\LearningParams.csproj", "{75543736-5996-437C-AB50-224591D160C5}"
EndProject
Project("{9A19103F-16F7-4668-BE54-9A1E7A4F7556}") = "LearningReflection", "LearningReflection\LearningReflection.csproj", "{DD5678E6-BE77-4B59-BA8A-5770A888BA6B}"
EndProject
Project("{9A19103F-16F7-4668-BE54-9A1E7A4F7556}") = "LearningInheritance", "LearningInheritance\LearningInheritance.csproj", "{377EE562-341F-4B90-BD61-B0233B43386F}"
EndProject
Project("{9A19103F-16F7-4668-BE54-9A1E7A4F7556}") = "LearnThreading", "LearnThreading\LearnThreading.csproj", "{35E9E958-68A3-45E3-8E8C-C176D005EAF3}"
EndProject
Project("{9A19103F-16F7-4668-BE54-9A1E7A4F7556}") = "LearningInterfaceAbstractClass", "LearningInterfaceAbstractClass\LearningInterfaceAbstractClass.csproj", "{4E9B317E-9A69-4741-9341-D86714C94825}"
EndProject
Project("{9A19103F-16F7-4668-BE54-9A1E7A4F7556}") = "CharacterProgram", "CharacterProgram\CharacterProgram.csproj", "{18E4DD0B-BE28-4BDC-BFBF-176668E1100E}"
EndProject
Project("{9A19103F-16F7-4668-BE54-9A1E7A4F7556}") = "LearningJS", "LearningJS\LearningJS.csproj", "{349DA2F6-2AFA-4E5F-B817-9733C60A2E98}"
EndProject
Project("{2150E333-8FDC-42A3-9474-1A3956D46DE8}") = "DotNetCSharp", "DotNetCSharp", "{CF2599CA-2784-4D33-BAE4-D7B7EE1D9D73}"
EndProject
Project("{FAE04EC0-301F-11D3-BF4B-00C04F79EFBC}") = "LearningSQL", "LearningSQL\LearningSQL.csproj", "{339911C9-C1B3-4CED-8F00-CC14D524DBEB}"
EndProject
Project("{FAE04EC0-301F-11D3-BF4B-00C04F79EFBC}") = "LearningSOLID", "LearningSOLID\LearningSOLID.csproj", "{F52AA021-6080-40A0-9A27-D5A48EDFB083}"
EndProject
Global
	GlobalSection(SolutionConfigurationPlatforms) = preSolution
		Debug|Any CPU = Debug|Any CPU
		Release|Any CPU = Release|Any CPU
	EndGlobalSection
	GlobalSection(ProjectConfigurationPlatforms) = postSolution
		{17AB727C-C9D6-4587-B3AD-32422BCE3974}.Debug|Any CPU.ActiveCfg = Debug|Any CPU
		{17AB727C-C9D6-4587-B3AD-32422BCE3974}.Debug|Any CPU.Build.0 = Debug|Any CPU
		{17AB727C-C9D6-4587-B3AD-32422BCE3974}.Release|Any CPU.ActiveCfg = Release|Any CPU
		{17AB727C-C9D6-4587-B3AD-32422BCE3974}.Release|Any CPU.Build.0 = Release|Any CPU
		{8DC0D91D-F2C9-4B1D-BEDC-995F0F6DB25C}.Debug|Any CPU.ActiveCfg = Debug|Any CPU
		{8DC0D91D-F2C9-4B1D-BEDC-995F0F6DB25C}.Debug|Any CPU.Build.0 = Debug|Any CPU
		{8DC0D91D-F2C9-4B1D-BEDC-995F0F6DB25C}.Release|Any CPU.ActiveCfg = Release|Any CPU
		{8DC0D91D-F2C9-4B1D-BEDC-995F0F6DB25C}.Release|Any CPU.Build.0 = Release|Any CPU
		{C023BA1B-76E8-439A-A8B9-7B84EDC5888F}.Debug|Any CPU.ActiveCfg = Debug|Any CPU
		{C023BA1B-76E8-439A-A8B9-7B84EDC5888F}.Debug|Any CPU.Build.0 = Debug|Any CPU
		{C023BA1B-76E8-439A-A8B9-7B84EDC5888F}.Release|Any CPU.ActiveCfg = Release|Any CPU
		{C023BA1B-76E8-439A-A8B9-7B84EDC5888F}.Release|Any CPU.Build.0 = Release|Any CPU
		{7B8590D9-B16E-434D-8862-86E522B7EB1C}.Debug|Any CPU.ActiveCfg = Debug|Any CPU
		{7B8590D9-B16E-434D-8862-86E522B7EB1C}.Debug|Any CPU.Build.0 = Debug|Any CPU
		{7B8590D9-B16E-434D-8862-86E522B7EB1C}.Release|Any CPU.ActiveCfg = Release|Any CPU
		{7B8590D9-B16E-434D-8862-86E522B7EB1C}.Release|Any CPU.Build.0 = Release|Any CPU
		{86DEAA54-64BB-4386-B361-97D6EE844C7E}.Debug|Any CPU.ActiveCfg = Debug|Any CPU
		{86DEAA54-64BB-4386-B361-97D6EE844C7E}.Debug|Any CPU.Build.0 = Debug|Any CPU
		{86DEAA54-64BB-4386-B361-97D6EE844C7E}.Release|Any CPU.ActiveCfg = Release|Any CPU
		{86DEAA54-64BB-4386-B361-97D6EE844C7E}.Release|Any CPU.Build.0 = Release|Any CPU
		{FF08968E-A739-4853-B0D9-A4E386B8BA23}.Debug|Any CPU.ActiveCfg = Debug|Any CPU
		{FF08968E-A739-4853-B0D9-A4E386B8BA23}.Debug|Any CPU.Build.0 = Debug|Any CPU
		{FF08968E-A739-4853-B0D9-A4E386B8BA23}.Release|Any CPU.ActiveCfg = Release|Any CPU
		{FF08968E-A739-4853-B0D9-A4E386B8BA23}.Release|Any CPU.Build.0 = Release|Any CPU
		{DEF8203F-537C-439F-A4ED-9C96C481C62C}.Debug|Any CPU.ActiveCfg = Debug|Any CPU
		{DEF8203F-537C-439F-A4ED-9C96C481C62C}.Debug|Any CPU.Build.0 = Debug|Any CPU
		{DEF8203F-537C-439F-A4ED-9C96C481C62C}.Release|Any CPU.ActiveCfg = Release|Any CPU
		{DEF8203F-537C-439F-A4ED-9C96C481C62C}.Release|Any CPU.Build.0 = Release|Any CPU
		{100E8B6E-EB66-4D43-9177-8A32BE819E9F}.Debug|Any CPU.ActiveCfg = Debug|Any CPU
		{100E8B6E-EB66-4D43-9177-8A32BE819E9F}.Debug|Any CPU.Build.0 = Debug|Any CPU
		{100E8B6E-EB66-4D43-9177-8A32BE819E9F}.Release|Any CPU.ActiveCfg = Release|Any CPU
		{100E8B6E-EB66-4D43-9177-8A32BE819E9F}.Release|Any CPU.Build.0 = Release|Any CPU
		{63B417F0-031A-424B-8DAC-94B3FA8B8B06}.Debug|Any CPU.ActiveCfg = Debug|Any CPU
		{63B417F0-031A-424B-8DAC-94B3FA8B8B06}.Debug|Any CPU.Build.0 = Debug|Any CPU
		{63B417F0-031A-424B-8DAC-94B3FA8B8B06}.Release|Any CPU.ActiveCfg = Release|Any CPU
		{63B417F0-031A-424B-8DAC-94B3FA8B8B06}.Release|Any CPU.Build.0 = Release|Any CPU
		{9A620147-B402-4AFB-B42C-6C526C86467A}.Debug|Any CPU.ActiveCfg = Debug|Any CPU
		{9A620147-B402-4AFB-B42C-6C526C86467A}.Debug|Any CPU.Build.0 = Debug|Any CPU
		{9A620147-B402-4AFB-B42C-6C526C86467A}.Release|Any CPU.ActiveCfg = Release|Any CPU
		{9A620147-B402-4AFB-B42C-6C526C86467A}.Release|Any CPU.Build.0 = Release|Any CPU
		{25397474-FBD0-4508-A7AE-6F58CC5722A0}.Debug|Any CPU.ActiveCfg = Debug|Any CPU
		{25397474-FBD0-4508-A7AE-6F58CC5722A0}.Debug|Any CPU.Build.0 = Debug|Any CPU
		{25397474-FBD0-4508-A7AE-6F58CC5722A0}.Release|Any CPU.ActiveCfg = Release|Any CPU
		{25397474-FBD0-4508-A7AE-6F58CC5722A0}.Release|Any CPU.Build.0 = Release|Any CPU
		{75543736-5996-437C-AB50-224591D160C5}.Debug|Any CPU.ActiveCfg = Debug|Any CPU
		{75543736-5996-437C-AB50-224591D160C5}.Debug|Any CPU.Build.0 = Debug|Any CPU
		{75543736-5996-437C-AB50-224591D160C5}.Release|Any CPU.ActiveCfg = Release|Any CPU
		{75543736-5996-437C-AB50-224591D160C5}.Release|Any CPU.Build.0 = Release|Any CPU
		{DD5678E6-BE77-4B59-BA8A-5770A888BA6B}.Debug|Any CPU.ActiveCfg = Debug|Any CPU
		{DD5678E6-BE77-4B59-BA8A-5770A888BA6B}.Debug|Any CPU.Build.0 = Debug|Any CPU
		{DD5678E6-BE77-4B59-BA8A-5770A888BA6B}.Release|Any CPU.ActiveCfg = Release|Any CPU
		{DD5678E6-BE77-4B59-BA8A-5770A888BA6B}.Release|Any CPU.Build.0 = Release|Any CPU
		{377EE562-341F-4B90-BD61-B0233B43386F}.Debug|Any CPU.ActiveCfg = Debug|Any CPU
		{377EE562-341F-4B90-BD61-B0233B43386F}.Debug|Any CPU.Build.0 = Debug|Any CPU
		{377EE562-341F-4B90-BD61-B0233B43386F}.Release|Any CPU.ActiveCfg = Release|Any CPU
		{377EE562-341F-4B90-BD61-B0233B43386F}.Release|Any CPU.Build.0 = Release|Any CPU
		{35E9E958-68A3-45E3-8E8C-C176D005EAF3}.Debug|Any CPU.ActiveCfg = Debug|Any CPU
		{35E9E958-68A3-45E3-8E8C-C176D005EAF3}.Debug|Any CPU.Build.0 = Debug|Any CPU
		{35E9E958-68A3-45E3-8E8C-C176D005EAF3}.Release|Any CPU.ActiveCfg = Release|Any CPU
		{35E9E958-68A3-45E3-8E8C-C176D005EAF3}.Release|Any CPU.Build.0 = Release|Any CPU
		{4E9B317E-9A69-4741-9341-D86714C94825}.Debug|Any CPU.ActiveCfg = Debug|Any CPU
		{4E9B317E-9A69-4741-9341-D86714C94825}.Debug|Any CPU.Build.0 = Debug|Any CPU
		{4E9B317E-9A69-4741-9341-D86714C94825}.Release|Any CPU.ActiveCfg = Release|Any CPU
		{4E9B317E-9A69-4741-9341-D86714C94825}.Release|Any CPU.Build.0 = Release|Any CPU
		{18E4DD0B-BE28-4BDC-BFBF-176668E1100E}.Debug|Any CPU.ActiveCfg = Debug|Any CPU
		{18E4DD0B-BE28-4BDC-BFBF-176668E1100E}.Debug|Any CPU.Build.0 = Debug|Any CPU
		{18E4DD0B-BE28-4BDC-BFBF-176668E1100E}.Release|Any CPU.ActiveCfg = Release|Any CPU
		{18E4DD0B-BE28-4BDC-BFBF-176668E1100E}.Release|Any CPU.Build.0 = Release|Any CPU
		{349DA2F6-2AFA-4E5F-B817-9733C60A2E98}.Debug|Any CPU.ActiveCfg = Debug|Any CPU
		{349DA2F6-2AFA-4E5F-B817-9733C60A2E98}.Debug|Any CPU.Build.0 = Debug|Any CPU
		{349DA2F6-2AFA-4E5F-B817-9733C60A2E98}.Release|Any CPU.ActiveCfg = Release|Any CPU
		{349DA2F6-2AFA-4E5F-B817-9733C60A2E98}.Release|Any CPU.Build.0 = Release|Any CPU
		{339911C9-C1B3-4CED-8F00-CC14D524DBEB}.Debug|Any CPU.ActiveCfg = Debug|Any CPU
		{339911C9-C1B3-4CED-8F00-CC14D524DBEB}.Debug|Any CPU.Build.0 = Debug|Any CPU
		{339911C9-C1B3-4CED-8F00-CC14D524DBEB}.Release|Any CPU.ActiveCfg = Release|Any CPU
		{339911C9-C1B3-4CED-8F00-CC14D524DBEB}.Release|Any CPU.Build.0 = Release|Any CPU
		{F52AA021-6080-40A0-9A27-D5A48EDFB083}.Debug|Any CPU.ActiveCfg = Debug|Any CPU
		{F52AA021-6080-40A0-9A27-D5A48EDFB083}.Debug|Any CPU.Build.0 = Debug|Any CPU
		{F52AA021-6080-40A0-9A27-D5A48EDFB083}.Release|Any CPU.ActiveCfg = Release|Any CPU
		{F52AA021-6080-40A0-9A27-D5A48EDFB083}.Release|Any CPU.Build.0 = Release|Any CPU
	EndGlobalSection
	GlobalSection(SolutionProperties) = preSolution
		HideSolutionNode = FALSE
	EndGlobalSection
	GlobalSection(NestedProjects) = preSolution
		{17AB727C-C9D6-4587-B3AD-32422BCE3974} = {CF2599CA-2784-4D33-BAE4-D7B7EE1D9D73}
		{8DC0D91D-F2C9-4B1D-BEDC-995F0F6DB25C} = {CF2599CA-2784-4D33-BAE4-D7B7EE1D9D73}
		{C023BA1B-76E8-439A-A8B9-7B84EDC5888F} = {CF2599CA-2784-4D33-BAE4-D7B7EE1D9D73}
		{7B8590D9-B16E-434D-8862-86E522B7EB1C} = {CF2599CA-2784-4D33-BAE4-D7B7EE1D9D73}
		{86DEAA54-64BB-4386-B361-97D6EE844C7E} = {CF2599CA-2784-4D33-BAE4-D7B7EE1D9D73}
		{FF08968E-A739-4853-B0D9-A4E386B8BA23} = {CF2599CA-2784-4D33-BAE4-D7B7EE1D9D73}
		{DEF8203F-537C-439F-A4ED-9C96C481C62C} = {CF2599CA-2784-4D33-BAE4-D7B7EE1D9D73}
		{100E8B6E-EB66-4D43-9177-8A32BE819E9F} = {CF2599CA-2784-4D33-BAE4-D7B7EE1D9D73}
		{63B417F0-031A-424B-8DAC-94B3FA8B8B06} = {CF2599CA-2784-4D33-BAE4-D7B7EE1D9D73}
		{9A620147-B402-4AFB-B42C-6C526C86467A} = {CF2599CA-2784-4D33-BAE4-D7B7EE1D9D73}
		{25397474-FBD0-4508-A7AE-6F58CC5722A0} = {CF2599CA-2784-4D33-BAE4-D7B7EE1D9D73}
		{75543736-5996-437C-AB50-224591D160C5} = {CF2599CA-2784-4D33-BAE4-D7B7EE1D9D73}
		{DD5678E6-BE77-4B59-BA8A-5770A888BA6B} = {CF2599CA-2784-4D33-BAE4-D7B7EE1D9D73}
		{377EE562-341F-4B90-BD61-B0233B43386F} = {CF2599CA-2784-4D33-BAE4-D7B7EE1D9D73}
		{35E9E958-68A3-45E3-8E8C-C176D005EAF3} = {CF2599CA-2784-4D33-BAE4-D7B7EE1D9D73}
		{4E9B317E-9A69-4741-9341-D86714C94825} = {CF2599CA-2784-4D33-BAE4-D7B7EE1D9D73}
		{18E4DD0B-BE28-4BDC-BFBF-176668E1100E} = {CF2599CA-2784-4D33-BAE4-D7B7EE1D9D73}
		{F52AA021-6080-40A0-9A27-D5A48EDFB083} = {CF2599CA-2784-4D33-BAE4-D7B7EE1D9D73}
	EndGlobalSection
	GlobalSection(ExtensibilityGlobals) = postSolution
		SolutionGuid = {C3C7490A-448B-44AE-85EE-BE9EE945A741}
	EndGlobalSection
EndGlobal
